<?xml version="1.0" encoding="utf-8"?>
<Project ToolsVersion="4.0" xmlns="http://schemas.microsoft.com/developer/msbuild/2003">
  <ItemGroup>
    <Filter Include="Source Files">
      <UniqueIdentifier>{4FC737F1-C7A5-4376-A066-2A32D752A2FF}</UniqueIdentifier>
      <Extensions>cpp;c;cc;cxx;def;odl;idl;hpj;bat;asm;asmx</Extensions>
    </Filter>
    <Filter Include="Header Files">
      <UniqueIdentifier>{93995380-89BD-4b04-88EB-625FBE52EBFB}</UniqueIdentifier>
      <Extensions>h;hh;hpp;hxx;hm;inl;inc;xsd</Extensions>
    </Filter>
    <Filter Include="Resource Files">
      <UniqueIdentifier>{67DA6AB6-F800-4c08-8B7A-83BB121AAD01}</UniqueIdentifier>
      <Extensions>rc;ico;cur;bmp;dlg;rc2;rct;bin;rgs;gif;jpg;jpeg;jpe;resx;tiff;tif;png;wav;mfcribbon-ms</Extensions>
    </Filter>
  </ItemGroup>
  <ItemGroup>
    <ClInclude Include="src\app\AppCore.h">
      <Filter>Header Files</Filter>
    </ClInclude>
    <ClInclude Include="src\app\AppResources.h">
      <Filter>Header Files</Filter>
    </ClInclude>
    <ClInclude Include="src\app\game\core\object\controll\FrameController.h">
      <Filter>Header Files</Filter>
    </ClInclude>
    <ClInclude Include="src\app\game\core\object\figure\ObjectFigure.h">
      <Filter>Header Files</Filter>
    </ClInclude>
    <ClInclude Include="src\app\game\core\object\ObjectCore.h">
      <Filter>Header Files</Filter>
    </ClInclude>
    <ClInclude Include="src\app\game\MainGame.h">
      <Filter>Header Files</Filter>
    </ClInclude>
    <ClInclude Include="src\app\game\core\character\CharacterClassId.h">
      <Filter>Header Files</Filter>
    </ClInclude>
    <ClInclude Include="src\app\game\controll\UserInputControll.h">
      <Filter>Header Files</Filter>
    </ClInclude>
    <ClInclude Include="src\app\game\core\object\boundingBox\BoundingBox.h">
      <Filter>Header Files</Filter>
    </ClInclude>
    <ClInclude Include="src\app\game\implement\character\MainCharacter.h">
      <Filter>Header Files</Filter>
    </ClInclude>
    <ClInclude Include="src\app\game\implement\object\GroundBox.h">
      <Filter>Header Files</Filter>
    </ClInclude>
    <ClInclude Include="src\app\game\core\object\MoveableObject.h">
      <Filter>Header Files</Filter>
    </ClInclude>
    <ClInclude Include="src\app\game\manager\ObjectManager.h">
      <Filter>Header Files</Filter>
    </ClInclude>
    <ClInclude Include="src\app\game\manager\PhysicManager.h">
      <Filter>Header Files</Filter>
    </ClInclude>
  </ItemGroup>
  <ItemGroup>
    <ClCompile Include="src\app\AppCore.cpp">
      <Filter>Source Files</Filter>
    </ClCompile>
    <ClCompile Include="src\app\AppResources.cpp">
      <Filter>Source Files</Filter>
    </ClCompile>
    <ClCompile Include="src\app\game\core\object\controll\FrameController.cpp">
      <Filter>Source Files</Filter>
    </ClCompile>
    <ClCompile Include="src\app\game\core\object\figure\ObjectFigure.cpp">
      <Filter>Source Files</Filter>
    </ClCompile>
    <ClCompile Include="src\app\game\core\object\ObjectCore.cpp">
      <Filter>Source Files</Filter>
    </ClCompile>
    <ClCompile Include="src\Main.cpp">
      <Filter>Source Files</Filter>
    </ClCompile>
    <ClCompile Include="src\app\game\controll\UserInputControll.cpp">
      <Filter>Source Files</Filter>
    </ClCompile>
    <ClCompile Include="src\app\game\core\object\boundingBox\BoundingBox.cpp">
      <Filter>Source Files</Filter>
    </ClCompile>
    <ClCompile Include="src\app\game\MainGame.cpp">
      <Filter>Source Files</Filter>
    </ClCompile>
    <ClCompile Include="src\app\game\implement\character\MainCharacter.cpp">
      <Filter>Source Files</Filter>
    </ClCompile>
    <ClCompile Include="src\app\game\implement\object\GroundBox.cpp">
      <Filter>Source Files</Filter>
    </ClCompile>
    <ClCompile Include="src\app\game\core\object\MoveableObject.cpp">
      <Filter>Source Files</Filter>
    </ClCompile>
    <ClCompile Include="src\app\game\manager\ObjectManager.cpp">
      <Filter>Source Files</Filter>
    </ClCompile>
    <ClCompile Include="src\app\game\manager\PhysicManager.cpp">
      <Filter>Source Files</Filter>
    </ClCompile>
  </ItemGroup>
  <ItemGroup>
    <Image Include="Resources\test.gif">
      <Filter>Resource Files</Filter>
    </Image>
    <Image Include="Resources\test.png">
      <Filter>Resource Files</Filter>
    </Image>
  </ItemGroup>
</Project>